
Microsoft Visual Studio Solution File, Format Version 12.00
# Visual Studio 15
VisualStudioVersion = 15.0.26730.8
MinimumVisualStudioVersion = 10.0.40219.1
Project("{9A19103F-16F7-4668-BE54-9A1E7A4F7556}") = "Pizzeria", "Pizzeria\Pizzeria.csproj", "{6AF4A16F-F46E-4DA4-970C-DE56180CB5B7}"
EndProject
Project("{FAE04EC0-301F-11D3-BF4B-00C04F79EFBC}") = "PizzeriaXUnitTests", "PizzeriaXUnitTests\PizzeriaXUnitTests.csproj", "{7B0213AF-CBB6-4219-9295-74C68A199CB4}"
EndProject
Global
	GlobalSection(SolutionConfigurationPlatforms) = preSolution
		Debug|Any CPU = Debug|Any CPU
		LocalIIS|Any CPU = LocalIIS|Any CPU
		Release|Any CPU = Release|Any CPU
	EndGlobalSection
	GlobalSection(ProjectConfigurationPlatforms) = postSolution
		{6AF4A16F-F46E-4DA4-970C-DE56180CB5B7}.Debug|Any CPU.ActiveCfg = Debug|Any CPU
		{6AF4A16F-F46E-4DA4-970C-DE56180CB5B7}.Debug|Any CPU.Build.0 = Debug|Any CPU
		{6AF4A16F-F46E-4DA4-970C-DE56180CB5B7}.LocalIIS|Any CPU.ActiveCfg = LocalIIS|Any CPU
		{6AF4A16F-F46E-4DA4-970C-DE56180CB5B7}.LocalIIS|Any CPU.Build.0 = LocalIIS|Any CPU
		{6AF4A16F-F46E-4DA4-970C-DE56180CB5B7}.Release|Any CPU.ActiveCfg = Release|Any CPU
		{6AF4A16F-F46E-4DA4-970C-DE56180CB5B7}.Release|Any CPU.Build.0 = Release|Any CPU
		{7B0213AF-CBB6-4219-9295-74C68A199CB4}.Debug|Any CPU.ActiveCfg = Debug|Any CPU
		{7B0213AF-CBB6-4219-9295-74C68A199CB4}.Debug|Any CPU.Build.0 = Debug|Any CPU
		{7B0213AF-CBB6-4219-9295-74C68A199CB4}.LocalIIS|Any CPU.ActiveCfg = Debug|Any CPU
		{7B0213AF-CBB6-4219-9295-74C68A199CB4}.LocalIIS|Any CPU.Build.0 = Debug|Any CPU
		{7B0213AF-CBB6-4219-9295-74C68A199CB4}.Release|Any CPU.ActiveCfg = Release|Any CPU
		{7B0213AF-CBB6-4219-9295-74C68A199CB4}.Release|Any CPU.Build.0 = Release|Any CPU
	EndGlobalSection
	GlobalSection(SolutionProperties) = preSolution
		HideSolutionNode = FALSE
	EndGlobalSection
	GlobalSection(ExtensibilityGlobals) = postSolution
		SolutionGuid = {DF8CEECA-36BA-45ED-99DD-1F4AF156267E}
	EndGlobalSection
EndGlobal
